{
  "version": 4,
  "terraform_version": "1.7.4",
  "serial": 103,
  "lineage": "4df337ed-3807-f297-477a-a68ca050c419",
  "outputs": {},
  "resources": [
    {
      "mode": "managed",
      "type": "helm_release",
      "name": "velero",
      "provider": "provider[\"registry.terraform.io/hashicorp/helm\"]",
      "instances": [
        {
          "index_key": 0,
          "schema_version": 1,
          "attributes": {
            "atomic": false,
            "chart": "velero",
            "cleanup_on_fail": false,
            "create_namespace": false,
            "dependency_update": false,
            "description": null,
            "devel": null,
            "disable_crd_hooks": false,
            "disable_openapi_validation": false,
            "disable_webhooks": false,
            "force_update": false,
            "id": "server",
            "keyring": null,
            "lint": false,
            "manifest": null,
            "max_history": 0,
            "metadata": [
              {
                "app_version": "1.13.0",
                "chart": "velero",
                "name": "server",
                "namespace": "velero",
                "revision": 1,
                "values": "{\"configuration\":{\"backupStorageLocation\":[{\"bucket\":\"dev-velero\",\"default\":\"true\",\"name\":\"dev-velero\",\"provider\":\"aws\"}],\"defaultBackupStorageLocation\":\"dev-velero\",\"volumeSnapshotLocation\":[{\"name\":\"dev-velero\",\"provider\":\"aws\"}]},\"deployNodeAgent\":true,\"image\":{\"limits\":{\"cpu\":\"1000m\",\"memory\":\"512Mi\"},\"pullPolicy\":\"IfNotPresent\",\"repository\":\"velero/velero\",\"requests\":{\"cpu\":\"500m\",\"memory\":\"128Mi\"},\"resources\":null,\"tag\":\"v1.13.0\"},\"initContainers\":[{\"image\":\"velero/velero-plugin-for-aws:v1.9.0\",\"imagePullPolicy\":\"IfNotPresent\",\"name\":\"velero-plugin-for-aws\",\"volumeMounts\":[{\"mountPath\":\"/target\",\"name\":\"plugins\"}]}],\"nodeAgent\":{\"podVolumePath\":\"/var/lib/kubelet/pods\",\"resources\":{\"limits\":{\"cpu\":\"1000m\",\"memory\":\"1024Mi\"},\"requests\":{\"cpu\":\"500m\",\"memory\":\"512Mi\"}}}}",
                "version": "6.0.0"
              }
            ],
            "name": "server",
            "namespace": "velero",
            "pass_credentials": false,
            "postrender": [],
            "recreate_pods": false,
            "render_subchart_notes": true,
            "replace": false,
            "repository": "./local_charts/",
            "repository_ca_file": null,
            "repository_cert_file": null,
            "repository_key_file": null,
            "repository_password": null,
            "repository_username": null,
            "reset_values": false,
            "reuse_values": false,
            "set": [],
            "set_list": [],
            "set_sensitive": [],
            "skip_crds": false,
            "status": "deployed",
            "timeout": 300,
            "values": [
              "image:\n  repository: velero/velero\n  tag: v1.13.0\n  pullPolicy: IfNotPresent\n  resources:\n  requests:\n    cpu: 500m\n    memory: 128Mi\n  limits:\n    cpu: 1000m\n    memory: 512Mi\ninitContainers:\n   - name: velero-plugin-for-aws\n     image: velero/velero-plugin-for-aws:v1.9.0\n     imagePullPolicy: IfNotPresent\n     volumeMounts:\n       - mountPath: /target\n         name: plugins\nconfiguration:\n  backupStorageLocation:\n  - name: dev-velero\n    provider: aws\n    bucket: dev-velero\n    default: \"true\"\n  volumeSnapshotLocation:\n  - name: dev-velero\n    provider: aws\n  defaultBackupStorageLocation: dev-velero\ndeployNodeAgent: true\nnodeAgent:\n  podVolumePath: /var/lib/kubelet/pods\n  resources:\n    requests:\n      cpu: 500m\n      memory: 512Mi\n    limits:\n      cpu: 1000m\n      memory: 1024Mi"
            ],
            "verify": false,
            "version": "6.0.0",
            "wait": true,
            "wait_for_jobs": false
          },
          "sensitive_attributes": [],
          "private": "eyJzY2hlbWFfdmVyc2lvbiI6IjEifQ=="
        }
      ]
    },
    {
      "mode": "managed",
      "type": "kubernetes_namespace",
      "name": "velero",
      "provider": "provider[\"registry.terraform.io/hashicorp/kubernetes\"]",
      "instances": [
        {
          "schema_version": 0,
          "attributes": {
            "id": "velero",
            "metadata": [
              {
                "annotations": null,
                "generate_name": "",
                "generation": 0,
                "labels": null,
                "name": "velero",
                "resource_version": "101602",
                "uid": "b6731ac5-9864-4384-89d9-b5cd0bba09f5"
              }
            ],
            "timeouts": null,
            "wait_for_default_service_account": false
          },
          "sensitive_attributes": [],
          "private": "eyJlMmJmYjczMC1lY2FhLTExZTYtOGY4OC0zNDM2M2JjN2M0YzAiOnsiZGVsZXRlIjozMDAwMDAwMDAwMDB9fQ=="
        }
      ]
    }
  ],
  "check_results": null
}
